
Microsoft Visual Studio Solution File, Format Version 12.00
# Visual Studio Version 17
VisualStudioVersion = 17.0.31903.59
MinimumVisualStudioVersion = 10.0.40219.1
Project("{FAE04EC0-301F-11D3-BF4B-00C04F79EFBC}") = "PrimeService", "PrimeService\PrimeService.csproj", "{821F25BA-4ACB-4E7C-AA10-E88FC0E379F8}"
EndProject
Project("{FAE04EC0-301F-11D3-BF4B-00C04F79EFBC}") = "PrimeService.Tests", "PrimeService.Tests\PrimeService.Tests.csproj", "{31353AB5-6AE0-4007-BB05-31407CAA6DA7}"
EndProject
Global
	GlobalSection(SolutionConfigurationPlatforms) = preSolution
		Debug|Any CPU = Debug|Any CPU
		Release|Any CPU = Release|Any CPU
	EndGlobalSection
	GlobalSection(SolutionProperties) = preSolution
		HideSolutionNode = FALSE
	EndGlobalSection
	GlobalSection(ProjectConfigurationPlatforms) = postSolution
		{821F25BA-4ACB-4E7C-AA10-E88FC0E379F8}.Debug|Any CPU.ActiveCfg = Debug|Any CPU
		{821F25BA-4ACB-4E7C-AA10-E88FC0E379F8}.Debug|Any CPU.Build.0 = Debug|Any CPU
		{821F25BA-4ACB-4E7C-AA10-E88FC0E379F8}.Release|Any CPU.ActiveCfg = Release|Any CPU
		{821F25BA-4ACB-4E7C-AA10-E88FC0E379F8}.Release|Any CPU.Build.0 = Release|Any CPU
		{31353AB5-6AE0-4007-BB05-31407CAA6DA7}.Debug|Any CPU.ActiveCfg = Debug|Any CPU
		{31353AB5-6AE0-4007-BB05-31407CAA6DA7}.Debug|Any CPU.Build.0 = Debug|Any CPU
		{31353AB5-6AE0-4007-BB05-31407CAA6DA7}.Release|Any CPU.ActiveCfg = Release|Any CPU
		{31353AB5-6AE0-4007-BB05-31407CAA6DA7}.Release|Any CPU.Build.0 = Release|Any CPU
	EndGlobalSection
EndGlobal
